
Microsoft Visual Studio Solution File, Format Version 12.00
# Visual Studio Version 17
VisualStudioVersion = 17.5.002.0
MinimumVisualStudioVersion = 10.0.40219.1
Project("{9A19103F-16F7-4668-BE54-9A1E7A4F7556}") = "cSharpProject", "cSharpProject.csproj", "{1AC12F9E-18AE-48EC-A273-22FDC72D079F}"
EndProject
Global
	GlobalSection(SolutionConfigurationPlatforms) = preSolution
		Debug|Any CPU = Debug|Any CPU
		Release|Any CPU = Release|Any CPU
	EndGlobalSection
	GlobalSection(ProjectConfigurationPlatforms) = postSolution
		{1AC12F9E-18AE-48EC-A273-22FDC72D079F}.Debug|Any CPU.ActiveCfg = Debug|Any CPU
		{1AC12F9E-18AE-48EC-A273-22FDC72D079F}.Debug|Any CPU.Build.0 = Debug|Any CPU
		{1AC12F9E-18AE-48EC-A273-22FDC72D079F}.Release|Any CPU.ActiveCfg = Release|Any CPU
		{1AC12F9E-18AE-48EC-A273-22FDC72D079F}.Release|Any CPU.Build.0 = Release|Any CPU
	EndGlobalSection
	GlobalSection(SolutionProperties) = preSolution
		HideSolutionNode = FALSE
	EndGlobalSection
	GlobalSection(ExtensibilityGlobals) = postSolution
		SolutionGuid = {7E478D01-92AD-4EBC-976C-29A91842320E}
	EndGlobalSection
EndGlobal
